
Microsoft Visual Studio Solution File, Format Version 12.00
# Visual Studio Version 16
VisualStudioVersion = 16.0.35826.135
MinimumVisualStudioVersion = 10.0.40219.1
Project("{8BC9CEB8-8B4A-11D0-8D11-00A0C91BC942}") = "NINJAFT", "NINJAFT.vcxproj", "{70FAD914-63FE-4189-8EE4-20023A55C700}"
EndProject
Global
	GlobalSection(SolutionConfigurationPlatforms) = preSolution
		Debug|x64 = Debug|x64
		Debug|x86 = Debug|x86
		Release|x64 = Release|x64
		Release|x86 = Release|x86
	EndGlobalSection
	GlobalSection(ProjectConfigurationPlatforms) = postSolution
		{70FAD914-63FE-4189-8EE4-20023A55C700}.Debug|x64.ActiveCfg = Debug|x64
		{70FAD914-63FE-4189-8EE4-20023A55C700}.Debug|x64.Build.0 = Debug|x64
		{70FAD914-63FE-4189-8EE4-20023A55C700}.Debug|x86.ActiveCfg = Debug|Win32
		{70FAD914-63FE-4189-8EE4-20023A55C700}.Debug|x86.Build.0 = Debug|Win32
		{70FAD914-63FE-4189-8EE4-20023A55C700}.Release|x64.ActiveCfg = Release|x64
		{70FAD914-63FE-4189-8EE4-20023A55C700}.Release|x64.Build.0 = Release|x64
		{70FAD914-63FE-4189-8EE4-20023A55C700}.Release|x86.ActiveCfg = Release|Win32
		{70FAD914-63FE-4189-8EE4-20023A55C700}.Release|x86.Build.0 = Release|Win32
	EndGlobalSection
	GlobalSection(SolutionProperties) = preSolution
		HideSolutionNode = FALSE
	EndGlobalSection
	GlobalSection(ExtensibilityGlobals) = postSolution
		SolutionGuid = {06694EA9-7E17-469A-8F78-F5BA732416D1}
	EndGlobalSection
EndGlobal
