<?xml version="1.0" encoding="utf-8"?>
<Project ToolsVersion="4.0" xmlns="http://schemas.microsoft.com/developer/msbuild/2003">
  <ItemGroup>
    <Filter Include="ソース ファイル">
      <UniqueIdentifier>{4FC737F1-C7A5-4376-A066-2A32D752A2FF}</UniqueIdentifier>
      <Extensions>cpp;c;cc;cxx;c++;cppm;ixx;def;odl;idl;hpj;bat;asm;asmx</Extensions>
    </Filter>
    <Filter Include="ヘッダー ファイル">
      <UniqueIdentifier>{93995380-89BD-4b04-88EB-625FBE52EBFB}</UniqueIdentifier>
      <Extensions>h;hh;hpp;hxx;h++;hm;inl;inc;ipp;xsd</Extensions>
    </Filter>
    <Filter Include="リソース ファイル">
      <UniqueIdentifier>{67DA6AB6-F800-4c08-8B7A-83BB121AAD01}</UniqueIdentifier>
      <Extensions>rc;ico;cur;bmp;dlg;rc2;rct;bin;rgs;gif;jpg;jpeg;jpe;resx;tiff;tif;png;wav;mfcribbon-ms</Extensions>
    </Filter>
    <Filter Include="ソース ファイル\Block">
      <UniqueIdentifier>{83bb7249-e16f-4c48-85c2-e95dd638bb61}</UniqueIdentifier>
    </Filter>
    <Filter Include="ソース ファイル\Debug">
      <UniqueIdentifier>{b27525e0-8863-47bc-9eb2-dd578628c54a}</UniqueIdentifier>
    </Filter>
    <Filter Include="ソース ファイル\Effects">
      <UniqueIdentifier>{ce18bfa1-5838-41a8-8f6f-46a7655577f2}</UniqueIdentifier>
    </Filter>
    <Filter Include="ソース ファイル\ImGui">
      <UniqueIdentifier>{73f647aa-f50c-455a-b907-7cd3f86984f7}</UniqueIdentifier>
    </Filter>
    <Filter Include="ソース ファイル\Mesh">
      <UniqueIdentifier>{9357ef1f-c9f8-489b-8496-9009bad8ccc0}</UniqueIdentifier>
    </Filter>
    <Filter Include="ソース ファイル\Objects">
      <UniqueIdentifier>{5a3a4d3d-36a0-4182-8de6-10de674a3fd6}</UniqueIdentifier>
    </Filter>
    <Filter Include="ソース ファイル\Ranking">
      <UniqueIdentifier>{465cf548-a045-42d0-82cb-076b7cbfce0e}</UniqueIdentifier>
    </Filter>
    <Filter Include="ソース ファイル\ResultUI">
      <UniqueIdentifier>{dd76d1b4-94d8-4908-9e25-e53dd02eabb3}</UniqueIdentifier>
    </Filter>
    <Filter Include="ソース ファイル\Scenes">
      <UniqueIdentifier>{9ac7cbf0-bd0f-45fa-9ea1-92dd149f2a27}</UniqueIdentifier>
    </Filter>
    <Filter Include="ソース ファイル\Character">
      <UniqueIdentifier>{58f51d12-4f5e-48c0-aa96-a1a35756ecdf}</UniqueIdentifier>
    </Filter>
    <Filter Include="ヘッダー ファイル\Block">
      <UniqueIdentifier>{03ad7bc7-bdbe-4449-b087-3d57785db6ac}</UniqueIdentifier>
    </Filter>
    <Filter Include="ヘッダー ファイル\Character">
      <UniqueIdentifier>{a0bacd07-c9cb-493a-a500-f38855b7c4f4}</UniqueIdentifier>
    </Filter>
    <Filter Include="ヘッダー ファイル\Debug">
      <UniqueIdentifier>{20b51400-0c64-4143-a0ba-8937f9ff6447}</UniqueIdentifier>
    </Filter>
    <Filter Include="ヘッダー ファイル\Effects">
      <UniqueIdentifier>{883a238f-51f6-4392-b6e3-4b909cfa24cc}</UniqueIdentifier>
    </Filter>
    <Filter Include="ヘッダー ファイル\ImGui">
      <UniqueIdentifier>{c1954e02-a3fe-4960-ad3a-930cd2c866e1}</UniqueIdentifier>
    </Filter>
    <Filter Include="ヘッダー ファイル\Mesh">
      <UniqueIdentifier>{23033cd6-4b0f-4000-a5fc-6eb0f26190d9}</UniqueIdentifier>
    </Filter>
    <Filter Include="ヘッダー ファイル\Objects">
      <UniqueIdentifier>{e62c8644-5225-4fab-a44f-0bbfc5f49660}</UniqueIdentifier>
    </Filter>
    <Filter Include="ヘッダー ファイル\Ranking">
      <UniqueIdentifier>{4a1c4fa8-f784-49ac-9f9c-440f9135f575}</UniqueIdentifier>
    </Filter>
    <Filter Include="ヘッダー ファイル\ResultUI">
      <UniqueIdentifier>{12a6f0a0-ff82-4517-8b72-36573ab6bdd5}</UniqueIdentifier>
    </Filter>
    <Filter Include="ヘッダー ファイル\Scenes">
      <UniqueIdentifier>{de71ba61-68f1-455c-a7e3-d020485fc780}</UniqueIdentifier>
    </Filter>
    <Filter Include="ヘッダー ファイル\State">
      <UniqueIdentifier>{2be08488-6ecc-4aa3-a11f-cf38d473749e}</UniqueIdentifier>
    </Filter>
    <Filter Include="ソース ファイル\Pause">
      <UniqueIdentifier>{fe9638fc-9add-49d0-875d-492c264e8541}</UniqueIdentifier>
    </Filter>
    <Filter Include="ヘッダー ファイル\Pause">
      <UniqueIdentifier>{53b49c4e-4549-4ce2-a9e7-d7f3f47a5da0}</UniqueIdentifier>
    </Filter>
  </ItemGroup>
  <ItemGroup>
    <ClCompile Include="background.cpp">
      <Filter>ソース ファイル</Filter>
    </ClCompile>
    <ClCompile Include="blood.cpp">
      <Filter>ソース ファイル</Filter>
    </ClCompile>
    <ClCompile Include="camera.cpp">
      <Filter>ソース ファイル</Filter>
    </ClCompile>
    <ClCompile Include="collisionUtils.cpp">
      <Filter>ソース ファイル</Filter>
    </ClCompile>
    <ClCompile Include="dummyPlayer.cpp">
      <Filter>ソース ファイル</Filter>
    </ClCompile>
    <ClCompile Include="enemyAI.cpp">
      <Filter>ソース ファイル</Filter>
    </ClCompile>
    <ClCompile Include="fade.cpp">
      <Filter>ソース ファイル</Filter>
    </ClCompile>
    <ClCompile Include="FileDialogUtils.cpp">
      <Filter>ソース ファイル</Filter>
    </ClCompile>
    <ClCompile Include="generateMap.cpp">
      <Filter>ソース ファイル</Filter>
    </ClCompile>
    <ClCompile Include="guage.cpp">
      <Filter>ソース ファイル</Filter>
    </ClCompile>
    <ClCompile Include="guiInfo.cpp">
      <Filter>ソース ファイル</Filter>
    </ClCompile>
    <ClCompile Include="input.cpp">
      <Filter>ソース ファイル</Filter>
    </ClCompile>
    <ClCompile Include="item.cpp">
      <Filter>ソース ファイル</Filter>
    </ClCompile>
    <ClCompile Include="itemselect.cpp">
      <Filter>ソース ファイル</Filter>
    </ClCompile>
    <ClCompile Include="light.cpp">
      <Filter>ソース ファイル</Filter>
    </ClCompile>
    <ClCompile Include="main.cpp">
      <Filter>ソース ファイル</Filter>
    </ClCompile>
    <ClCompile Include="manager.cpp">
      <Filter>ソース ファイル</Filter>
    </ClCompile>
    <ClCompile Include="model.cpp">
      <Filter>ソース ファイル</Filter>
    </ClCompile>
    <ClCompile Include="motion.cpp">
      <Filter>ソース ファイル</Filter>
    </ClCompile>
    <ClCompile Include="number.cpp">
      <Filter>ソース ファイル</Filter>
    </ClCompile>
    <ClCompile Include="particle.cpp">
      <Filter>ソース ファイル</Filter>
    </ClCompile>
    <ClCompile Include="pch.cpp">
      <Filter>ソース ファイル</Filter>
    </ClCompile>
    <ClCompile Include="raycast.cpp">
      <Filter>ソース ファイル</Filter>
    </ClCompile>
    <ClCompile Include="renderer.cpp">
      <Filter>ソース ファイル</Filter>
    </ClCompile>
    <ClCompile Include="shadowS.cpp">
      <Filter>ソース ファイル</Filter>
    </ClCompile>
    <ClCompile Include="sound.cpp">
      <Filter>ソース ファイル</Filter>
    </ClCompile>
    <ClCompile Include="texture.cpp">
      <Filter>ソース ファイル</Filter>
    </ClCompile>
    <ClCompile Include="time.cpp">
      <Filter>ソース ファイル</Filter>
    </ClCompile>
    <ClCompile Include="ui.cpp">
      <Filter>ソース ファイル</Filter>
    </ClCompile>
    <ClCompile Include="weaponcollider.cpp">
      <Filter>ソース ファイル</Filter>
    </ClCompile>
    <ClCompile Include="block.cpp">
      <Filter>ソース ファイル\Block</Filter>
    </ClCompile>
    <ClCompile Include="blocklist.cpp">
      <Filter>ソース ファイル\Block</Filter>
    </ClCompile>
    <ClCompile Include="blockmanager.cpp">
      <Filter>ソース ファイル\Block</Filter>
    </ClCompile>
    <ClCompile Include="effect.cpp">
      <Filter>ソース ファイル\Effects</Filter>
    </ClCompile>
    <ClCompile Include="imgui.cpp">
      <Filter>ソース ファイル\ImGui</Filter>
    </ClCompile>
    <ClCompile Include="imgui_demo.cpp">
      <Filter>ソース ファイル\ImGui</Filter>
    </ClCompile>
    <ClCompile Include="imgui_draw.cpp">
      <Filter>ソース ファイル\ImGui</Filter>
    </ClCompile>
    <ClCompile Include="imgui_impl_dx9.cpp">
      <Filter>ソース ファイル\ImGui</Filter>
    </ClCompile>
    <ClCompile Include="imgui_impl_win32.cpp">
      <Filter>ソース ファイル\ImGui</Filter>
    </ClCompile>
    <ClCompile Include="imgui_tables.cpp">
      <Filter>ソース ファイル\ImGui</Filter>
    </ClCompile>
    <ClCompile Include="imgui_widgets.cpp">
      <Filter>ソース ファイル\ImGui</Filter>
    </ClCompile>
    <ClCompile Include="imguimaneger.cpp">
      <Filter>ソース ファイル\ImGui</Filter>
    </ClCompile>
    <ClCompile Include="grass.cpp">
      <Filter>ソース ファイル\Block</Filter>
    </ClCompile>
    <ClCompile Include="charactermanager.cpp">
      <Filter>ソース ファイル\Character</Filter>
    </ClCompile>
    <ClCompile Include="enemy.cpp">
      <Filter>ソース ファイル\Character</Filter>
    </ClCompile>
    <ClCompile Include="player.cpp">
      <Filter>ソース ファイル\Character</Filter>
    </ClCompile>
    <ClCompile Include="debugproc.cpp">
      <Filter>ソース ファイル\Debug</Filter>
    </ClCompile>
    <ClCompile Include="debugproc3D.cpp">
      <Filter>ソース ファイル\Debug</Filter>
    </ClCompile>
    <ClCompile Include="grid.cpp">
      <Filter>ソース ファイル\Debug</Filter>
    </ClCompile>
    <ClCompile Include="SEpopupeffect.cpp">
      <Filter>ソース ファイル\Effects</Filter>
    </ClCompile>
    <ClCompile Include="meshcylinder.cpp">
      <Filter>ソース ファイル\Mesh</Filter>
    </ClCompile>
    <ClCompile Include="meshdome.cpp">
      <Filter>ソース ファイル\Mesh</Filter>
    </ClCompile>
    <ClCompile Include="meshfield.cpp">
      <Filter>ソース ファイル\Mesh</Filter>
    </ClCompile>
    <ClCompile Include="waterfield.cpp">
      <Filter>ソース ファイル\Mesh</Filter>
    </ClCompile>
    <ClCompile Include="object.cpp">
      <Filter>ソース ファイル\Objects</Filter>
    </ClCompile>
    <ClCompile Include="object2D.cpp">
      <Filter>ソース ファイル\Objects</Filter>
    </ClCompile>
    <ClCompile Include="object3D.cpp">
      <Filter>ソース ファイル\Objects</Filter>
    </ClCompile>
    <ClCompile Include="objectBillboard.cpp">
      <Filter>ソース ファイル\Objects</Filter>
    </ClCompile>
    <ClCompile Include="objectX.cpp">
      <Filter>ソース ファイル\Objects</Filter>
    </ClCompile>
    <ClCompile Include="rank.cpp">
      <Filter>ソース ファイル\Ranking</Filter>
    </ClCompile>
    <ClCompile Include="rankingmanager.cpp">
      <Filter>ソース ファイル\Ranking</Filter>
    </ClCompile>
    <ClCompile Include="rankitem.cpp">
      <Filter>ソース ファイル\Ranking</Filter>
    </ClCompile>
    <ClCompile Include="resultcount.cpp">
      <Filter>ソース ファイル\ResultUI</Filter>
    </ClCompile>
    <ClCompile Include="resulttime.cpp">
      <Filter>ソース ファイル\ResultUI</Filter>
    </ClCompile>
    <ClCompile Include="game.cpp">
      <Filter>ソース ファイル\Scenes</Filter>
    </ClCompile>
    <ClCompile Include="movie.cpp">
      <Filter>ソース ファイル\Scenes</Filter>
    </ClCompile>
    <ClCompile Include="ranking.cpp">
      <Filter>ソース ファイル\Scenes</Filter>
    </ClCompile>
    <ClCompile Include="result.cpp">
      <Filter>ソース ファイル\Scenes</Filter>
    </ClCompile>
    <ClCompile Include="title.cpp">
      <Filter>ソース ファイル\Scenes</Filter>
    </ClCompile>
    <ClCompile Include="tutorial.cpp">
      <Filter>ソース ファイル\Scenes</Filter>
    </ClCompile>
    <ClCompile Include="scene.cpp">
      <Filter>ソース ファイル\Scenes</Filter>
    </ClCompile>
    <ClCompile Include="ranktime.cpp">
      <Filter>ソース ファイル\Ranking</Filter>
    </ClCompile>
    <ClCompile Include="pause.cpp">
      <Filter>ソース ファイル\Pause</Filter>
    </ClCompile>
    <ClCompile Include="pausemanager.cpp">
      <Filter>ソース ファイル\Pause</Filter>
    </ClCompile>
  </ItemGroup>
  <ItemGroup>
    <ClInclude Include="background.h">
      <Filter>ヘッダー ファイル</Filter>
    </ClInclude>
    <ClInclude Include="blood.h">
      <Filter>ヘッダー ファイル</Filter>
    </ClInclude>
    <ClInclude Include="camera.h">
      <Filter>ヘッダー ファイル</Filter>
    </ClInclude>
    <ClInclude Include="collisionUtils.h">
      <Filter>ヘッダー ファイル</Filter>
    </ClInclude>
    <ClInclude Include="dummyPlayer.h">
      <Filter>ヘッダー ファイル</Filter>
    </ClInclude>
    <ClInclude Include="easing.h">
      <Filter>ヘッダー ファイル</Filter>
    </ClInclude>
    <ClInclude Include="enemyAI.h">
      <Filter>ヘッダー ファイル</Filter>
    </ClInclude>
    <ClInclude Include="fade.h">
      <Filter>ヘッダー ファイル</Filter>
    </ClInclude>
    <ClInclude Include="FileDialogUtils.h">
      <Filter>ヘッダー ファイル</Filter>
    </ClInclude>
    <ClInclude Include="generateMap.h">
      <Filter>ヘッダー ファイル</Filter>
    </ClInclude>
    <ClInclude Include="guage.h">
      <Filter>ヘッダー ファイル</Filter>
    </ClInclude>
    <ClInclude Include="guiInfo.h">
      <Filter>ヘッダー ファイル</Filter>
    </ClInclude>
    <ClInclude Include="input.h">
      <Filter>ヘッダー ファイル</Filter>
    </ClInclude>
    <ClInclude Include="item.h">
      <Filter>ヘッダー ファイル</Filter>
    </ClInclude>
    <ClInclude Include="itemselect.h">
      <Filter>ヘッダー ファイル</Filter>
    </ClInclude>
    <ClInclude Include="json.hpp">
      <Filter>ヘッダー ファイル</Filter>
    </ClInclude>
    <ClInclude Include="light.h">
      <Filter>ヘッダー ファイル</Filter>
    </ClInclude>
    <ClInclude Include="main.h">
      <Filter>ヘッダー ファイル</Filter>
    </ClInclude>
    <ClInclude Include="manager.h">
      <Filter>ヘッダー ファイル</Filter>
    </ClInclude>
    <ClInclude Include="model.h">
      <Filter>ヘッダー ファイル</Filter>
    </ClInclude>
    <ClInclude Include="motion.h">
      <Filter>ヘッダー ファイル</Filter>
    </ClInclude>
    <ClInclude Include="number.h">
      <Filter>ヘッダー ファイル</Filter>
    </ClInclude>
    <ClInclude Include="particle.h">
      <Filter>ヘッダー ファイル</Filter>
    </ClInclude>
    <ClInclude Include="pch.h">
      <Filter>ヘッダー ファイル</Filter>
    </ClInclude>
    <ClInclude Include="raycast.h">
      <Filter>ヘッダー ファイル</Filter>
    </ClInclude>
    <ClInclude Include="renderer.h">
      <Filter>ヘッダー ファイル</Filter>
    </ClInclude>
    <ClInclude Include="resource.h">
      <Filter>ヘッダー ファイル</Filter>
    </ClInclude>
    <ClInclude Include="shadowS.h">
      <Filter>ヘッダー ファイル</Filter>
    </ClInclude>
    <ClInclude Include="sound.h">
      <Filter>ヘッダー ファイル</Filter>
    </ClInclude>
    <ClInclude Include="specbase.h">
      <Filter>ヘッダー ファイル</Filter>
    </ClInclude>
    <ClInclude Include="texture.h">
      <Filter>ヘッダー ファイル</Filter>
    </ClInclude>
    <ClInclude Include="time.h">
      <Filter>ヘッダー ファイル</Filter>
    </ClInclude>
    <ClInclude Include="ui.h">
      <Filter>ヘッダー ファイル</Filter>
    </ClInclude>
    <ClInclude Include="weaponcollider.h">
      <Filter>ヘッダー ファイル</Filter>
    </ClInclude>
    <ClInclude Include="block.h">
      <Filter>ヘッダー ファイル\Block</Filter>
    </ClInclude>
    <ClInclude Include="blocklist.h">
      <Filter>ヘッダー ファイル\Block</Filter>
    </ClInclude>
    <ClInclude Include="blockmanager.h">
      <Filter>ヘッダー ファイル\Block</Filter>
    </ClInclude>
    <ClInclude Include="grass.h">
      <Filter>ヘッダー ファイル\Block</Filter>
    </ClInclude>
    <ClInclude Include="charactermanager.h">
      <Filter>ヘッダー ファイル\Character</Filter>
    </ClInclude>
    <ClInclude Include="enemy.h">
      <Filter>ヘッダー ファイル\Character</Filter>
    </ClInclude>
    <ClInclude Include="player.h">
      <Filter>ヘッダー ファイル\Character</Filter>
    </ClInclude>
    <ClInclude Include="debugproc.h">
      <Filter>ヘッダー ファイル\Debug</Filter>
    </ClInclude>
    <ClInclude Include="debugproc3D.h">
      <Filter>ヘッダー ファイル\Debug</Filter>
    </ClInclude>
    <ClInclude Include="grid.h">
      <Filter>ヘッダー ファイル\Debug</Filter>
    </ClInclude>
    <ClInclude Include="effect.h">
      <Filter>ヘッダー ファイル\Effects</Filter>
    </ClInclude>
    <ClInclude Include="SEpopupeffect.h">
      <Filter>ヘッダー ファイル\Effects</Filter>
    </ClInclude>
    <ClInclude Include="imconfig.h">
      <Filter>ヘッダー ファイル\ImGui</Filter>
    </ClInclude>
    <ClInclude Include="imgui.h">
      <Filter>ヘッダー ファイル\ImGui</Filter>
    </ClInclude>
    <ClInclude Include="imgui_impl_dx9.h">
      <Filter>ヘッダー ファイル\ImGui</Filter>
    </ClInclude>
    <ClInclude Include="imgui_impl_win32.h">
      <Filter>ヘッダー ファイル\ImGui</Filter>
    </ClInclude>
    <ClInclude Include="imgui_internal.h">
      <Filter>ヘッダー ファイル\ImGui</Filter>
    </ClInclude>
    <ClInclude Include="imguimaneger.h">
      <Filter>ヘッダー ファイル\ImGui</Filter>
    </ClInclude>
    <ClInclude Include="imstb_rectpack.h">
      <Filter>ヘッダー ファイル\ImGui</Filter>
    </ClInclude>
    <ClInclude Include="imstb_textedit.h">
      <Filter>ヘッダー ファイル\ImGui</Filter>
    </ClInclude>
    <ClInclude Include="imstb_truetype.h">
      <Filter>ヘッダー ファイル\ImGui</Filter>
    </ClInclude>
    <ClInclude Include="meshcylinder.h">
      <Filter>ヘッダー ファイル\Mesh</Filter>
    </ClInclude>
    <ClInclude Include="meshdome.h">
      <Filter>ヘッダー ファイル\Mesh</Filter>
    </ClInclude>
    <ClInclude Include="meshfield.h">
      <Filter>ヘッダー ファイル\Mesh</Filter>
    </ClInclude>
    <ClInclude Include="waterfield.h">
      <Filter>ヘッダー ファイル\Mesh</Filter>
    </ClInclude>
    <ClInclude Include="enemysubState.h">
      <Filter>ヘッダー ファイル\State</Filter>
    </ClInclude>
    <ClInclude Include="enemyleaderState.h">
      <Filter>ヘッダー ファイル\State</Filter>
    </ClInclude>
    <ClInclude Include="playerState.h">
      <Filter>ヘッダー ファイル\State</Filter>
    </ClInclude>
    <ClInclude Include="state.h">
      <Filter>ヘッダー ファイル\State</Filter>
    </ClInclude>
    <ClInclude Include="game.h">
      <Filter>ヘッダー ファイル\Scenes</Filter>
    </ClInclude>
    <ClInclude Include="movie.h">
      <Filter>ヘッダー ファイル\Scenes</Filter>
    </ClInclude>
    <ClInclude Include="title.h">
      <Filter>ヘッダー ファイル\Scenes</Filter>
    </ClInclude>
    <ClInclude Include="tutorial.h">
      <Filter>ヘッダー ファイル\Scenes</Filter>
    </ClInclude>
    <ClInclude Include="scene.h">
      <Filter>ヘッダー ファイル\Scenes</Filter>
    </ClInclude>
    <ClInclude Include="ranking.h">
      <Filter>ヘッダー ファイル\Scenes</Filter>
    </ClInclude>
    <ClInclude Include="result.h">
      <Filter>ヘッダー ファイル\Scenes</Filter>
    </ClInclude>
    <ClInclude Include="resultcount.h">
      <Filter>ヘッダー ファイル\ResultUI</Filter>
    </ClInclude>
    <ClInclude Include="resulttime.h">
      <Filter>ヘッダー ファイル\ResultUI</Filter>
    </ClInclude>
    <ClInclude Include="rank.h">
      <Filter>ヘッダー ファイル\Ranking</Filter>
    </ClInclude>
    <ClInclude Include="rankingmanager.h">
      <Filter>ヘッダー ファイル\Ranking</Filter>
    </ClInclude>
    <ClInclude Include="rankitem.h">
      <Filter>ヘッダー ファイル\Ranking</Filter>
    </ClInclude>
    <ClInclude Include="ranktime.h">
      <Filter>ヘッダー ファイル\Ranking</Filter>
    </ClInclude>
    <ClInclude Include="object.h">
      <Filter>ヘッダー ファイル\Objects</Filter>
    </ClInclude>
    <ClInclude Include="object2D.h">
      <Filter>ヘッダー ファイル\Objects</Filter>
    </ClInclude>
    <ClInclude Include="object3D.h">
      <Filter>ヘッダー ファイル\Objects</Filter>
    </ClInclude>
    <ClInclude Include="objectBillboard.h">
      <Filter>ヘッダー ファイル\Objects</Filter>
    </ClInclude>
    <ClInclude Include="objectX.h">
      <Filter>ヘッダー ファイル\Objects</Filter>
    </ClInclude>
    <ClInclude Include="pause.h">
      <Filter>ヘッダー ファイル\Pause</Filter>
    </ClInclude>
    <ClInclude Include="pausemanager.h">
      <Filter>ヘッダー ファイル\Pause</Filter>
    </ClInclude>
  </ItemGroup>
  <ItemGroup>
    <FxCompile Include="data\shader\OutlinePS.hlsl" />
    <FxCompile Include="data\shader\OutlineVS.hlsl" />
  </ItemGroup>
</Project>